# THIS IS AN AUTOGENERATED FILE. DO NOT EDIT THIS FILE DIRECTLY.
# yarn lockfile v1


multi-token-standard@^0.4.2:
  version "0.4.2"
  resolved "https://registry.yarnpkg.com/multi-token-standard/-/multi-token-standard-0.4.2.tgz#0aa4abf8169519f97bfc93054e3575d8db0edab7"
  integrity sha512-7jyuvspWLcjzu7XqrYKdRPGvsMxSTIoa5aG/yH0zji+5pTTRoU78w6tM+EvkjIxS30aLwZI+HxfzM4GLKxHPIw==
